
Microsoft Visual Studio Solution File, Format Version 12.00
# Visual Studio Version 17
VisualStudioVersion = 17.10.35027.167
MinimumVisualStudioVersion = 10.0.40219.1
Project("{FAE04EC0-301F-11D3-BF4B-00C04F79EFBC}") = "Single Responsibility Principle", "Single Responsibility Principle\Single Responsibility Principle.csproj", "{5A5B3232-1B08-4744-9C75-B7536C87F76F}"
EndProject
Project("{FAE04EC0-301F-11D3-BF4B-00C04F79EFBC}") = "Open Closed Principle", "Open Closed Principle\Open Closed Principle.csproj", "{DC0B15EE-1EEA-4E73-8016-41AA09DCBEBB}"
EndProject
Project("{FAE04EC0-301F-11D3-BF4B-00C04F79EFBC}") = "Liskov Substitution Principle", "Liskov Substitution Principle\Liskov Substitution Principle.csproj", "{8585C925-29AF-4702-9226-411DACAA6F77}"
EndProject
Project("{FAE04EC0-301F-11D3-BF4B-00C04F79EFBC}") = "Interface Segregation Principle", "Interface Segregation Principle\Interface Segregation Principle.csproj", "{7B627C8D-FE7F-45D4-856E-5D7CE8E97404}"
EndProject
Project("{FAE04EC0-301F-11D3-BF4B-00C04F79EFBC}") = "Dependency Inversion Principle", "Dependency Inversion Principle\Dependency Inversion Principle.csproj", "{5ADDEED8-E515-46C9-A340-2B6EBDADA62B}"
EndProject
Global
	GlobalSection(SolutionConfigurationPlatforms) = preSolution
		Debug|Any CPU = Debug|Any CPU
		Release|Any CPU = Release|Any CPU
	EndGlobalSection
	GlobalSection(ProjectConfigurationPlatforms) = postSolution
		{5A5B3232-1B08-4744-9C75-B7536C87F76F}.Debug|Any CPU.ActiveCfg = Debug|Any CPU
		{5A5B3232-1B08-4744-9C75-B7536C87F76F}.Debug|Any CPU.Build.0 = Debug|Any CPU
		{5A5B3232-1B08-4744-9C75-B7536C87F76F}.Release|Any CPU.ActiveCfg = Release|Any CPU
		{5A5B3232-1B08-4744-9C75-B7536C87F76F}.Release|Any CPU.Build.0 = Release|Any CPU
		{DC0B15EE-1EEA-4E73-8016-41AA09DCBEBB}.Debug|Any CPU.ActiveCfg = Debug|Any CPU
		{DC0B15EE-1EEA-4E73-8016-41AA09DCBEBB}.Debug|Any CPU.Build.0 = Debug|Any CPU
		{DC0B15EE-1EEA-4E73-8016-41AA09DCBEBB}.Release|Any CPU.ActiveCfg = Release|Any CPU
		{DC0B15EE-1EEA-4E73-8016-41AA09DCBEBB}.Release|Any CPU.Build.0 = Release|Any CPU
		{8585C925-29AF-4702-9226-411DACAA6F77}.Debug|Any CPU.ActiveCfg = Debug|Any CPU
		{8585C925-29AF-4702-9226-411DACAA6F77}.Debug|Any CPU.Build.0 = Debug|Any CPU
		{8585C925-29AF-4702-9226-411DACAA6F77}.Release|Any CPU.ActiveCfg = Release|Any CPU
		{8585C925-29AF-4702-9226-411DACAA6F77}.Release|Any CPU.Build.0 = Release|Any CPU
		{7B627C8D-FE7F-45D4-856E-5D7CE8E97404}.Debug|Any CPU.ActiveCfg = Debug|Any CPU
		{7B627C8D-FE7F-45D4-856E-5D7CE8E97404}.Debug|Any CPU.Build.0 = Debug|Any CPU
		{7B627C8D-FE7F-45D4-856E-5D7CE8E97404}.Release|Any CPU.ActiveCfg = Release|Any CPU
		{7B627C8D-FE7F-45D4-856E-5D7CE8E97404}.Release|Any CPU.Build.0 = Release|Any CPU
		{5ADDEED8-E515-46C9-A340-2B6EBDADA62B}.Debug|Any CPU.ActiveCfg = Debug|Any CPU
		{5ADDEED8-E515-46C9-A340-2B6EBDADA62B}.Debug|Any CPU.Build.0 = Debug|Any CPU
		{5ADDEED8-E515-46C9-A340-2B6EBDADA62B}.Release|Any CPU.ActiveCfg = Release|Any CPU
		{5ADDEED8-E515-46C9-A340-2B6EBDADA62B}.Release|Any CPU.Build.0 = Release|Any CPU
	EndGlobalSection
	GlobalSection(SolutionProperties) = preSolution
		HideSolutionNode = FALSE
	EndGlobalSection
	GlobalSection(ExtensibilityGlobals) = postSolution
		SolutionGuid = {D0B5BB03-6EAF-43F4-8726-C436DD88266A}
	EndGlobalSection
EndGlobal
